dependencies:
- name: postgresql
  repository: https://charts.bitnami.com/bitnami
  version: 10.16.2
- name: dscp-node
  repository: https://digicatapult.github.io/dscp-node/
  version: 3.0.0
digest: sha256:975d0d920825ed85e879853f798f80929e5900691743dcd0722e954151d19ed8
generated: "2022-04-06T15:46:50.394112+01:00"
