dependencies:
- name: postgresql
  repository: https://charts.bitnami.com/bitnami
  version: 10.16.2
- name: dscp-node
  repository: https://digicatapult.github.io/dscp-node/
  version: 4.0.0
digest: sha256:d232ba84d734acc2e99a9a227b7be6e889c46a1b73e3698beb7fbfd7341a408b
generated: "2022-07-12T14:10:59.575467+01:00"
