dependencies:
- name: postgresql
  repository: https://charts.bitnami.com/bitnami
  version: 10.16.2
- name: dscp-node
  repository: https://digicatapult.github.io/dscp-node/
  version: 4.2.1
digest: sha256:6e72b80ccee790999257e97d2d3d048e2ae5712178c7f2e6e30b3119e7c12604
generated: "2022-07-19T15:41:57.610194+01:00"
