dependencies:
- name: postgresql
  repository: https://charts.bitnami.com/bitnami
  version: 10.16.2
- name: vitalam-node
  repository: https://digicatapult.github.io/vitalam-node/
  version: 0.24.1
digest: sha256:15e2e81d34397a15ae7a3833db7572b70bf1dd77b28c2beb24c2012bcbd07b83
generated: "2022-02-18T16:20:06.069387Z"
